
Microsoft Visual Studio Solution File, Format Version 12.00
# Visual Studio Version 17
VisualStudioVersion = 17.0.31717.71
MinimumVisualStudioVersion = 10.0.40219.1
Project("{9A19103F-16F7-4668-BE54-9A1E7A4F7556}") = "Hive.Webhooks", "src\Hive.Webhooks\Hive.Webhooks.csproj", "{F4083570-3600-47F3-B104-FDEB680BCA41}"
EndProject
Project("{9A19103F-16F7-4668-BE54-9A1E7A4F7556}") = "Hive.Webhooks.Discord", "src\Hive.Webhooks.Discord\Hive.Webhooks.Discord.csproj", "{D8CC27AE-2D5E-421D-88F8-FB3C0626119F}"
EndProject
Global
	GlobalSection(SolutionConfigurationPlatforms) = preSolution
		Debug|Any CPU = Debug|Any CPU
		Release|Any CPU = Release|Any CPU
	EndGlobalSection
	GlobalSection(ProjectConfigurationPlatforms) = postSolution
		{F4083570-3600-47F3-B104-FDEB680BCA41}.Debug|Any CPU.ActiveCfg = Debug|Any CPU
		{F4083570-3600-47F3-B104-FDEB680BCA41}.Debug|Any CPU.Build.0 = Debug|Any CPU
		{F4083570-3600-47F3-B104-FDEB680BCA41}.Release|Any CPU.ActiveCfg = Release|Any CPU
		{F4083570-3600-47F3-B104-FDEB680BCA41}.Release|Any CPU.Build.0 = Release|Any CPU
		{D8CC27AE-2D5E-421D-88F8-FB3C0626119F}.Debug|Any CPU.ActiveCfg = Debug|Any CPU
		{D8CC27AE-2D5E-421D-88F8-FB3C0626119F}.Debug|Any CPU.Build.0 = Debug|Any CPU
		{D8CC27AE-2D5E-421D-88F8-FB3C0626119F}.Release|Any CPU.ActiveCfg = Release|Any CPU
		{D8CC27AE-2D5E-421D-88F8-FB3C0626119F}.Release|Any CPU.Build.0 = Release|Any CPU
	EndGlobalSection
	GlobalSection(SolutionProperties) = preSolution
		HideSolutionNode = FALSE
	EndGlobalSection
	GlobalSection(ExtensibilityGlobals) = postSolution
		SolutionGuid = {1E821C78-D4BF-4813-BB19-2E2C2AB6E46A}
	EndGlobalSection
EndGlobal
