
Microsoft Visual Studio Solution File, Format Version 12.00
# Visual Studio Version 17
VisualStudioVersion = 17.1.31903.286
MinimumVisualStudioVersion = 10.0.40219.1
Project("{9A19103F-16F7-4668-BE54-9A1E7A4F7556}") = "Hive.RateLimiting", "src\Hive.RateLimiting\Hive.RateLimiting.csproj", "{60771E28-3C89-488E-BB13-B06435E77B67}"
EndProject
Project("{9A19103F-16F7-4668-BE54-9A1E7A4F7556}") = "Hive.FileSystemRuleProvider", "src\Hive.FileSystemRuleProvider\Hive.FileSystemRuleProvider.csproj", "{95D3B68F-8E58-4A7D-B21B-90D91A396CE2}"
EndProject
Project("{9A19103F-16F7-4668-BE54-9A1E7A4F7556}") = "Hive.FileSystemCdnProvider", "src\Hive.FileSystemCdnProvider\Hive.FileSystemCdnProvider.csproj", "{7217CA0D-3648-4373-A282-787E5285E5D2}"
EndProject
Project("{9A19103F-16F7-4668-BE54-9A1E7A4F7556}") = "Hive.FileSystemCdnProvider.Janitor", "src\Hive.FileSystemCdnProvider.Janitor\Hive.FileSystemCdnProvider.Janitor.csproj", "{19E3564D-06F0-4287-8106-1F410021F4A5}"
	ProjectSection(ProjectDependencies) = postProject
		{7217CA0D-3648-4373-A282-787E5285E5D2} = {7217CA0D-3648-4373-A282-787E5285E5D2}
	EndProjectSection
EndProject
Project("{FAE04EC0-301F-11D3-BF4B-00C04F79EFBC}") = "Hive.Tags", "src\Hive.Tags\Hive.Tags.csproj", "{28ABCFF1-201E-4C0B-9456-AE76D43A36B8}"
EndProject
Project("{2150E333-8FDC-42A3-9474-1A3956D46DE8}") = "Solution Items", "Solution Items", "{D760682D-7536-44FF-B1A8-C2043527A9EE}"
	ProjectSection(SolutionItems) = preProject
		Directory.Build.props = Directory.Build.props
		Directory.Build.targets = Directory.Build.targets
	EndProjectSection
EndProject
Project("{2150E333-8FDC-42A3-9474-1A3956D46DE8}") = ".github", ".github", "{04FFF5B2-500F-4269-B062-15D208402184}"
	ProjectSection(SolutionItems) = preProject
		.github\CODEOWNERS = .github\CODEOWNERS
		.github\workflows\dotnet-core.yml = .github\workflows\dotnet-core.yml
	EndProjectSection
EndProject
Project("{2150E333-8FDC-42A3-9474-1A3956D46DE8}") = "tools", "tools", "{85BD8051-9BBB-4C0B-A6EF-D6DAA5C540C9}"
	ProjectSection(SolutionItems) = preProject
		tools\plugins\buildOrPackPlugins.ps1 = tools\plugins\buildOrPackPlugins.ps1
		tools\plugins\publishProfile.pubxml = tools\plugins\publishProfile.pubxml
	EndProjectSection
EndProject
Global
	GlobalSection(SolutionConfigurationPlatforms) = preSolution
		Debug|Any CPU = Debug|Any CPU
		Release|Any CPU = Release|Any CPU
	EndGlobalSection
	GlobalSection(ProjectConfigurationPlatforms) = postSolution
		{60771E28-3C89-488E-BB13-B06435E77B67}.Debug|Any CPU.ActiveCfg = Debug|Any CPU
		{60771E28-3C89-488E-BB13-B06435E77B67}.Debug|Any CPU.Build.0 = Debug|Any CPU
		{60771E28-3C89-488E-BB13-B06435E77B67}.Release|Any CPU.ActiveCfg = Release|Any CPU
		{60771E28-3C89-488E-BB13-B06435E77B67}.Release|Any CPU.Build.0 = Release|Any CPU
		{95D3B68F-8E58-4A7D-B21B-90D91A396CE2}.Debug|Any CPU.ActiveCfg = Debug|Any CPU
		{95D3B68F-8E58-4A7D-B21B-90D91A396CE2}.Debug|Any CPU.Build.0 = Debug|Any CPU
		{95D3B68F-8E58-4A7D-B21B-90D91A396CE2}.Release|Any CPU.ActiveCfg = Release|Any CPU
		{95D3B68F-8E58-4A7D-B21B-90D91A396CE2}.Release|Any CPU.Build.0 = Release|Any CPU
		{7217CA0D-3648-4373-A282-787E5285E5D2}.Debug|Any CPU.ActiveCfg = Debug|Any CPU
		{7217CA0D-3648-4373-A282-787E5285E5D2}.Debug|Any CPU.Build.0 = Debug|Any CPU
		{7217CA0D-3648-4373-A282-787E5285E5D2}.Release|Any CPU.ActiveCfg = Release|Any CPU
		{7217CA0D-3648-4373-A282-787E5285E5D2}.Release|Any CPU.Build.0 = Release|Any CPU
		{19E3564D-06F0-4287-8106-1F410021F4A5}.Debug|Any CPU.ActiveCfg = Debug|Any CPU
		{19E3564D-06F0-4287-8106-1F410021F4A5}.Debug|Any CPU.Build.0 = Debug|Any CPU
		{19E3564D-06F0-4287-8106-1F410021F4A5}.Release|Any CPU.ActiveCfg = Release|Any CPU
		{19E3564D-06F0-4287-8106-1F410021F4A5}.Release|Any CPU.Build.0 = Release|Any CPU
		{28ABCFF1-201E-4C0B-9456-AE76D43A36B8}.Debug|Any CPU.ActiveCfg = Debug|Any CPU
		{28ABCFF1-201E-4C0B-9456-AE76D43A36B8}.Debug|Any CPU.Build.0 = Debug|Any CPU
		{28ABCFF1-201E-4C0B-9456-AE76D43A36B8}.Release|Any CPU.ActiveCfg = Release|Any CPU
		{28ABCFF1-201E-4C0B-9456-AE76D43A36B8}.Release|Any CPU.Build.0 = Release|Any CPU
	EndGlobalSection
	GlobalSection(SolutionProperties) = preSolution
		HideSolutionNode = FALSE
	EndGlobalSection
	GlobalSection(NestedProjects) = preSolution
		{04FFF5B2-500F-4269-B062-15D208402184} = {D760682D-7536-44FF-B1A8-C2043527A9EE}
		{85BD8051-9BBB-4C0B-A6EF-D6DAA5C540C9} = {D760682D-7536-44FF-B1A8-C2043527A9EE}
	EndGlobalSection
	GlobalSection(ExtensibilityGlobals) = postSolution
		SolutionGuid = {1E821C78-D4BF-4813-BB19-2E2C2AB6E46A}
	EndGlobalSection
EndGlobal
